
Microsoft Visual Studio Solution File, Format Version 12.00
# Visual Studio 15
VisualStudioVersion = 15.0.28307.489
MinimumVisualStudioVersion = 10.0.40219.1
Project("{8BC9CEB8-8B4A-11D0-8D11-00A0C91BC942}") = "ISS_task", "ISS_task\ISS_task.vcxproj", "{305EA170-6746-465C-A7C9-CD394CC4209E}"
EndProject
Project("{8BC9CEB8-8B4A-11D0-8D11-00A0C91BC942}") = "Tests", "Tests\Tests.vcxproj", "{BEF51EB9-C992-4C46-B89C-339498F75251}"
EndProject
Global
	GlobalSection(SolutionConfigurationPlatforms) = preSolution
		Debug|x64 = Debug|x64
		Debug|x86 = Debug|x86
		Release|x64 = Release|x64
		Release|x86 = Release|x86
	EndGlobalSection
	GlobalSection(ProjectConfigurationPlatforms) = postSolution
		{305EA170-6746-465C-A7C9-CD394CC4209E}.Debug|x64.ActiveCfg = Debug|x64
		{305EA170-6746-465C-A7C9-CD394CC4209E}.Debug|x64.Build.0 = Debug|x64
		{305EA170-6746-465C-A7C9-CD394CC4209E}.Debug|x86.ActiveCfg = Debug|Win32
		{305EA170-6746-465C-A7C9-CD394CC4209E}.Debug|x86.Build.0 = Debug|Win32
		{305EA170-6746-465C-A7C9-CD394CC4209E}.Release|x64.ActiveCfg = Release|x64
		{305EA170-6746-465C-A7C9-CD394CC4209E}.Release|x64.Build.0 = Release|x64
		{305EA170-6746-465C-A7C9-CD394CC4209E}.Release|x86.ActiveCfg = Release|Win32
		{305EA170-6746-465C-A7C9-CD394CC4209E}.Release|x86.Build.0 = Release|Win32
		{BEF51EB9-C992-4C46-B89C-339498F75251}.Debug|x64.ActiveCfg = Debug|x64
		{BEF51EB9-C992-4C46-B89C-339498F75251}.Debug|x64.Build.0 = Debug|x64
		{BEF51EB9-C992-4C46-B89C-339498F75251}.Debug|x86.ActiveCfg = Debug|Win32
		{BEF51EB9-C992-4C46-B89C-339498F75251}.Debug|x86.Build.0 = Debug|Win32
		{BEF51EB9-C992-4C46-B89C-339498F75251}.Release|x64.ActiveCfg = Release|x64
		{BEF51EB9-C992-4C46-B89C-339498F75251}.Release|x64.Build.0 = Release|x64
		{BEF51EB9-C992-4C46-B89C-339498F75251}.Release|x86.ActiveCfg = Release|Win32
		{BEF51EB9-C992-4C46-B89C-339498F75251}.Release|x86.Build.0 = Release|Win32
	EndGlobalSection
	GlobalSection(SolutionProperties) = preSolution
		HideSolutionNode = FALSE
	EndGlobalSection
	GlobalSection(ExtensibilityGlobals) = postSolution
		SolutionGuid = {D6F2EDB0-9DFE-4936-96BF-79A077DDD100}
	EndGlobalSection
EndGlobal
